<?xml version="1.0" encoding="utf-8"?>
<Project ToolsVersion="4.0" xmlns="http://schemas.microsoft.com/developer/msbuild/2003">
  <ItemGroup>
    <Filter Include="Common">
      <UniqueIdentifier>7f149a67-ad7c-42ae-8749-a0ddd48eecea</UniqueIdentifier>
    </Filter>
    <Filter Include="Assets">
      <UniqueIdentifier>1f2db649-9bf8-4033-b229-d47063d7a309</UniqueIdentifier>
      <Extensions>ico;cur;bmp;dds;dlg;fbx;rct;bin;rgs;gif;jpg;jpeg;jpe;resx;tga;tiff;tif;png;wav;mfcribbon-ms</Extensions>
    </Filter>
  </ItemGroup>
  <ItemGroup>
    <ClInclude Include="pch.h" />
    <ClInclude Include="Game.h" />
    <ClInclude Include="StepTimer.h">
      <Filter>Common</Filter>
    </ClInclude>
    <ClInclude Include="DeviceResources.h">
      <Filter>Common</Filter>
    </ClInclude>
    <ClInclude Include="ImGUIRender.h" />
    <ClInclude Include="D3D12MemAlloc.h" />
    <ClInclude Include="d3dx12.h" />
    <ClInclude Include="..\D3D12MA_DirectXTK12Polygon\third_party\imgui\backends\imconfig.h" />
    <ClInclude Include="..\D3D12MA_DirectXTK12Polygon\third_party\imgui\backends\imgui.h" />
    <ClInclude Include="..\D3D12MA_DirectXTK12Polygon\third_party\imgui\backends\imgui_impl_dx12.h" />
    <ClInclude Include="..\D3D12MA_DirectXTK12Polygon\third_party\imgui\backends\imgui_internal.h" />
    <ClInclude Include="..\D3D12MA_DirectXTK12Polygon\third_party\imgui\backends\imstb_rectpack.h" />
    <ClInclude Include="..\D3D12MA_DirectXTK12Polygon\third_party\imgui\backends\imstb_textedit.h" />
    <ClInclude Include="..\D3D12MA_DirectXTK12Polygon\third_party\imgui\backends\imstb_truetype.h" />
    <ClInclude Include="..\D3D12MA_DirectXTK12Polygon\third_party\imgui\backends\imgui_impl_win32.h" />
  </ItemGroup>
  <ItemGroup>
    <ClCompile Include="pch.cpp" />
    <ClCompile Include="Game.cpp" />
    <ClCompile Include="Main.cpp" />
    <ClCompile Include="DeviceResources.cpp">
      <Filter>Common</Filter>
    </ClCompile>
    <ClCompile Include="ImGUIRender.cpp" />
    <ClCompile Include="D3D12MemAlloc.cpp" />
    <ClCompile Include="..\D3D12MA_DirectXTK12Polygon\third_party\imgui\backends\imgui.cpp" />
    <ClCompile Include="..\D3D12MA_DirectXTK12Polygon\third_party\imgui\backends\imgui_demo.cpp" />
    <ClCompile Include="..\D3D12MA_DirectXTK12Polygon\third_party\imgui\backends\imgui_draw.cpp" />
    <ClCompile Include="..\D3D12MA_DirectXTK12Polygon\third_party\imgui\backends\imgui_impl_dx12.cpp" />
    <ClCompile Include="..\D3D12MA_DirectXTK12Polygon\third_party\imgui\backends\imgui_tables.cpp" />
    <ClCompile Include="..\D3D12MA_DirectXTK12Polygon\third_party\imgui\backends\imgui_widgets.cpp" />
    <ClCompile Include="..\D3D12MA_DirectXTK12Polygon\third_party\imgui\backends\imgui_impl_win32.cpp" />
  </ItemGroup>
  <ItemGroup>
    <ResourceCompile Include="resource.rc" />
  </ItemGroup>
  <ItemGroup>
    <Image Include="directx.ico">
      <Filter>Assets</Filter>
    </Image>
  </ItemGroup>
  <ItemGroup>
    <Manifest Include="settings.manifest">
      <Filter>Assets</Filter>
    </Manifest>
  </ItemGroup>
  <ItemGroup>
    <None Include="packages.config" />
  </ItemGroup>
</Project>